{
  "version": 4,
  "terraform_version": "1.9.1",
  "serial": 1,
  "lineage": "c92989e0-899f-8896-f029-fbfefc361eeb",
  "outputs": {},
  "resources": [
    {
      "mode": "managed",
      "type": "spotify_playlist",
      "name": "bollywood",
      "provider": "provider[\"registry.terraform.io/conradludgate/spotify\"]",
      "instances": [
        {
          "schema_version": 0,
          "attributes": {
            "description": null,
            "id": "3Egvm7fnsvTZkaFH9dojmK",
            "name": "Bollywood",
            "public": true,
            "snapshot_id": "AAAAAj1Ncqk4qdWEKShKg5FCP4kVhiwo",
            "tracks": [
              "131yybV7A3TmC34a0qE8u8"
            ]
          },
          "sensitive_attributes": [],
          "private": "bnVsbA=="
        }
      ]
    }
  ],
  "check_results": null
}
